
Microsoft Visual Studio Solution File, Format Version 12.00
# Visual Studio Version 17
VisualStudioVersion = 17.6.33815.320
MinimumVisualStudioVersion = 10.0.40219.1
Project("{8BC9CEB8-8B4A-11D0-8D11-00A0C91BC942}") = "Exercise1", "Exercise1\Exercise1.vcxproj", "{7620D1AF-6943-4996-BACE-8A979A31FA0E}"
EndProject
Project("{8BC9CEB8-8B4A-11D0-8D11-00A0C91BC942}") = "PromiseFutureException", "PromiseFutureException\PromiseFutureException.vcxproj", "{99C4A32F-2700-49BF-81E1-E03977B1BEBF}"
EndProject
Global
	GlobalSection(SolutionConfigurationPlatforms) = preSolution
		Debug|x64 = Debug|x64
		Debug|x86 = Debug|x86
		Release|x64 = Release|x64
		Release|x86 = Release|x86
	EndGlobalSection
	GlobalSection(ProjectConfigurationPlatforms) = postSolution
		{7620D1AF-6943-4996-BACE-8A979A31FA0E}.Debug|x64.ActiveCfg = Debug|x64
		{7620D1AF-6943-4996-BACE-8A979A31FA0E}.Debug|x64.Build.0 = Debug|x64
		{7620D1AF-6943-4996-BACE-8A979A31FA0E}.Debug|x86.ActiveCfg = Debug|Win32
		{7620D1AF-6943-4996-BACE-8A979A31FA0E}.Debug|x86.Build.0 = Debug|Win32
		{7620D1AF-6943-4996-BACE-8A979A31FA0E}.Release|x64.ActiveCfg = Release|x64
		{7620D1AF-6943-4996-BACE-8A979A31FA0E}.Release|x64.Build.0 = Release|x64
		{7620D1AF-6943-4996-BACE-8A979A31FA0E}.Release|x86.ActiveCfg = Release|Win32
		{7620D1AF-6943-4996-BACE-8A979A31FA0E}.Release|x86.Build.0 = Release|Win32
		{99C4A32F-2700-49BF-81E1-E03977B1BEBF}.Debug|x64.ActiveCfg = Debug|x64
		{99C4A32F-2700-49BF-81E1-E03977B1BEBF}.Debug|x64.Build.0 = Debug|x64
		{99C4A32F-2700-49BF-81E1-E03977B1BEBF}.Debug|x86.ActiveCfg = Debug|Win32
		{99C4A32F-2700-49BF-81E1-E03977B1BEBF}.Debug|x86.Build.0 = Debug|Win32
		{99C4A32F-2700-49BF-81E1-E03977B1BEBF}.Release|x64.ActiveCfg = Release|x64
		{99C4A32F-2700-49BF-81E1-E03977B1BEBF}.Release|x64.Build.0 = Release|x64
		{99C4A32F-2700-49BF-81E1-E03977B1BEBF}.Release|x86.ActiveCfg = Release|Win32
		{99C4A32F-2700-49BF-81E1-E03977B1BEBF}.Release|x86.Build.0 = Release|Win32
	EndGlobalSection
	GlobalSection(SolutionProperties) = preSolution
		HideSolutionNode = FALSE
	EndGlobalSection
	GlobalSection(ExtensibilityGlobals) = postSolution
		SolutionGuid = {5ACB7AB6-A5A4-4F6F-882A-B37CEA356780}
	EndGlobalSection
EndGlobal
